
Microsoft Visual Studio Solution File, Format Version 12.00
# Visual Studio 15
VisualStudioVersion = 15.0.28307.1231
MinimumVisualStudioVersion = 10.0.40219.1
Project("{8BC9CEB8-8B4A-11D0-8D11-00A0C91BC942}") = "MomiCrack", "MomiCrack\MomiCrack.vcxproj", "{B4D47929-44E1-4C85-A54A-9E5D7A4F6F72}"
EndProject
Project("{8BC9CEB8-8B4A-11D0-8D11-00A0C91BC942}") = "MomiCodePage", "MomiCodePage\MomiCodePage.vcxproj", "{A788D8D4-FA05-45D5-B785-BC8C94ADDC81}"
EndProject
Global
	GlobalSection(SolutionConfigurationPlatforms) = preSolution
		Debug|x64 = Debug|x64
		Debug|x86 = Debug|x86
		Release|x64 = Release|x64
		Release|x86 = Release|x86
	EndGlobalSection
	GlobalSection(ProjectConfigurationPlatforms) = postSolution
		{B4D47929-44E1-4C85-A54A-9E5D7A4F6F72}.Debug|x64.ActiveCfg = Debug|x64
		{B4D47929-44E1-4C85-A54A-9E5D7A4F6F72}.Debug|x64.Build.0 = Debug|x64
		{B4D47929-44E1-4C85-A54A-9E5D7A4F6F72}.Debug|x86.ActiveCfg = Debug|Win32
		{B4D47929-44E1-4C85-A54A-9E5D7A4F6F72}.Debug|x86.Build.0 = Debug|Win32
		{B4D47929-44E1-4C85-A54A-9E5D7A4F6F72}.Release|x64.ActiveCfg = Release|x64
		{B4D47929-44E1-4C85-A54A-9E5D7A4F6F72}.Release|x64.Build.0 = Release|x64
		{B4D47929-44E1-4C85-A54A-9E5D7A4F6F72}.Release|x86.ActiveCfg = Release|Win32
		{B4D47929-44E1-4C85-A54A-9E5D7A4F6F72}.Release|x86.Build.0 = Release|Win32
		{A788D8D4-FA05-45D5-B785-BC8C94ADDC81}.Debug|x64.ActiveCfg = Debug|x64
		{A788D8D4-FA05-45D5-B785-BC8C94ADDC81}.Debug|x64.Build.0 = Debug|x64
		{A788D8D4-FA05-45D5-B785-BC8C94ADDC81}.Debug|x86.ActiveCfg = Debug|Win32
		{A788D8D4-FA05-45D5-B785-BC8C94ADDC81}.Debug|x86.Build.0 = Debug|Win32
		{A788D8D4-FA05-45D5-B785-BC8C94ADDC81}.Release|x64.ActiveCfg = Release|x64
		{A788D8D4-FA05-45D5-B785-BC8C94ADDC81}.Release|x64.Build.0 = Release|x64
		{A788D8D4-FA05-45D5-B785-BC8C94ADDC81}.Release|x86.ActiveCfg = Release|Win32
		{A788D8D4-FA05-45D5-B785-BC8C94ADDC81}.Release|x86.Build.0 = Release|Win32
	EndGlobalSection
	GlobalSection(SolutionProperties) = preSolution
		HideSolutionNode = FALSE
	EndGlobalSection
	GlobalSection(ExtensibilityGlobals) = postSolution
		SolutionGuid = {7410764B-BBA4-48C1-B6C1-160B4BD8CB58}
	EndGlobalSection
EndGlobal
